// !$*UTF8*$!
{
	archiveVersion = 1;
	classes = {
	};
	objectVersion = 56;
	objects = {

/* Begin PBXBuildFile section */
		4F7A44132C29645C00F294C2 /* GitHubSampleApp.swift in Sources */ = {isa = PBXBuildFile; fileRef = 4F7A44122C29645C00F294C2 /* GitHubSampleApp.swift */; };
		4F7A44172C29645E00F294C2 /* Assets.xcassets in Resources */ = {isa = PBXBuildFile; fileRef = 4F7A44162C29645E00F294C2 /* Assets.xcassets */; };
		4F7A441B2C29645E00F294C2 /* Preview Assets.xcassets in Resources */ = {isa = PBXBuildFile; fileRef = 4F7A441A2C29645E00F294C2 /* Preview Assets.xcassets */; };
		4F7A44252C29645E00F294C2 /* GitHubSampleTests.swift in Sources */ = {isa = PBXBuildFile; fileRef = 4F7A44242C29645E00F294C2 /* GitHubSampleTests.swift */; };
		4F7A442F2C29645E00F294C2 /* GitHubSampleUITests.swift in Sources */ = {isa = PBXBuildFile; fileRef = 4F7A442E2C29645E00F294C2 /* GitHubSampleUITests.swift */; };
		4F7A44312C29645E00F294C2 /* GitHubSampleUITestsLaunchTests.swift in Sources */ = {isa = PBXBuildFile; fileRef = 4F7A44302C29645E00F294C2 /* GitHubSampleUITestsLaunchTests.swift */; };
		4FA0CC342C2C73C3008B54A9 /* DependencyContainer.swift in Sources */ = {isa = PBXBuildFile; fileRef = 4FA0CC332C2C73C3008B54A9 /* DependencyContainer.swift */; };
		4FA0CC372C2C7EEA008B54A9 /* SDWebImageSwiftUI in Frameworks */ = {isa = PBXBuildFile; productRef = 4FA0CC362C2C7EEA008B54A9 /* SDWebImageSwiftUI */; };
		4FA718902C2C45F400266D61 /* API in Frameworks */ = {isa = PBXBuildFile; productRef = 4FA7188F2C2C45F400266D61 /* API */; };
		4FA718922C2C45F400266D61 /* Implementation in Frameworks */ = {isa = PBXBuildFile; productRef = 4FA718912C2C45F400266D61 /* Implementation */; };
		4FA718942C2C45F400266D61 /* Preview in Frameworks */ = {isa = PBXBuildFile; productRef = 4FA718932C2C45F400266D61 /* Preview */; };
		4FA718962C2C45F400266D61 /* UI in Frameworks */ = {isa = PBXBuildFile; productRef = 4FA718952C2C45F400266D61 /* UI */; };
		4FA718982C2C45F400266D61 /* ViewModel in Frameworks */ = {isa = PBXBuildFile; productRef = 4FA718972C2C45F400266D61 /* ViewModel */; };
		4FEE5EC92C2D555E00383CC5 /* Env.swift in Sources */ = {isa = PBXBuildFile; fileRef = 4FEE5EC82C2D555E00383CC5 /* Env.swift */; };
		4FEE5ECB2C2D55DE00383CC5 /* Secrets.xcconfig in Resources */ = {isa = PBXBuildFile; fileRef = 4FEE5ECA2C2D55DE00383CC5 /* Secrets.xcconfig */; };
		4FEE5ECE2C2D578200383CC5 /* Debug.xcconfig in Resources */ = {isa = PBXBuildFile; fileRef = 4FEE5ECD2C2D578200383CC5 /* Debug.xcconfig */; };
		4FEE5ED02C2D579B00383CC5 /* Release.xcconfig in Resources */ = {isa = PBXBuildFile; fileRef = 4FEE5ECF2C2D579B00383CC5 /* Release.xcconfig */; };
/* End PBXBuildFile section */

/* Begin PBXContainerItemProxy section */
		4F7A44212C29645E00F294C2 /* PBXContainerItemProxy */ = {
			isa = PBXContainerItemProxy;
			containerPortal = 4F7A44072C29645C00F294C2 /* Project object */;
			proxyType = 1;
			remoteGlobalIDString = 4F7A440E2C29645C00F294C2;
			remoteInfo = GitHubSample;
		};
		4F7A442B2C29645E00F294C2 /* PBXContainerItemProxy */ = {
			isa = PBXContainerItemProxy;
			containerPortal = 4F7A44072C29645C00F294C2 /* Project object */;
			proxyType = 1;
			remoteGlobalIDString = 4F7A440E2C29645C00F294C2;
			remoteInfo = GitHubSample;
		};
/* End PBXContainerItemProxy section */

/* Begin PBXFileReference section */
		4F7A440F2C29645C00F294C2 /* GitHubSample.app */ = {isa = PBXFileReference; explicitFileType = wrapper.application; includeInIndex = 0; path = GitHubSample.app; sourceTree = BUILT_PRODUCTS_DIR; };
		4F7A44122C29645C00F294C2 /* GitHubSampleApp.swift */ = {isa = PBXFileReference; lastKnownFileType = sourcecode.swift; path = GitHubSampleApp.swift; sourceTree = "<group>"; };
		4F7A44162C29645E00F294C2 /* Assets.xcassets */ = {isa = PBXFileReference; lastKnownFileType = folder.assetcatalog; path = Assets.xcassets; sourceTree = "<group>"; };
		4F7A44182C29645E00F294C2 /* GitHubSample.entitlements */ = {isa = PBXFileReference; lastKnownFileType = text.plist.entitlements; path = GitHubSample.entitlements; sourceTree = "<group>"; };
		4F7A441A2C29645E00F294C2 /* Preview Assets.xcassets */ = {isa = PBXFileReference; lastKnownFileType = folder.assetcatalog; path = "Preview Assets.xcassets"; sourceTree = "<group>"; };
		4F7A44202C29645E00F294C2 /* GitHubSampleTests.xctest */ = {isa = PBXFileReference; explicitFileType = wrapper.cfbundle; includeInIndex = 0; path = GitHubSampleTests.xctest; sourceTree = BUILT_PRODUCTS_DIR; };
		4F7A44242C29645E00F294C2 /* GitHubSampleTests.swift */ = {isa = PBXFileReference; lastKnownFileType = sourcecode.swift; path = GitHubSampleTests.swift; sourceTree = "<group>"; };
		4F7A442A2C29645E00F294C2 /* GitHubSampleUITests.xctest */ = {isa = PBXFileReference; explicitFileType = wrapper.cfbundle; includeInIndex = 0; path = GitHubSampleUITests.xctest; sourceTree = BUILT_PRODUCTS_DIR; };
		4F7A442E2C29645E00F294C2 /* GitHubSampleUITests.swift */ = {isa = PBXFileReference; lastKnownFileType = sourcecode.swift; path = GitHubSampleUITests.swift; sourceTree = "<group>"; };
		4F7A44302C29645E00F294C2 /* GitHubSampleUITestsLaunchTests.swift */ = {isa = PBXFileReference; lastKnownFileType = sourcecode.swift; path = GitHubSampleUITestsLaunchTests.swift; sourceTree = "<group>"; };
		4F7A443D2C2964F200F294C2 /* API */ = {isa = PBXFileReference; lastKnownFileType = wrapper; name = API; path = Packages/API; sourceTree = "<group>"; };
		4F7A443E2C2B3CB400F294C2 /* ViewModel */ = {isa = PBXFileReference; lastKnownFileType = wrapper; name = ViewModel; path = Packages/ViewModel; sourceTree = "<group>"; };
		4FA0CC332C2C73C3008B54A9 /* DependencyContainer.swift */ = {isa = PBXFileReference; lastKnownFileType = sourcecode.swift; path = DependencyContainer.swift; sourceTree = "<group>"; };
		4FD8B9582C2C344300E5A6D9 /* UI */ = {isa = PBXFileReference; lastKnownFileType = wrapper; name = UI; path = Packages/UI; sourceTree = "<group>"; };
		4FEE5EC82C2D555E00383CC5 /* Env.swift */ = {isa = PBXFileReference; lastKnownFileType = sourcecode.swift; path = Env.swift; sourceTree = "<group>"; };
		4FEE5ECA2C2D55DE00383CC5 /* Secrets.xcconfig */ = {isa = PBXFileReference; lastKnownFileType = text.xcconfig; path = Secrets.xcconfig; sourceTree = "<group>"; };
		4FEE5ECD2C2D578200383CC5 /* Debug.xcconfig */ = {isa = PBXFileReference; lastKnownFileType = text.xcconfig; path = Debug.xcconfig; sourceTree = "<group>"; };
		4FEE5ECF2C2D579B00383CC5 /* Release.xcconfig */ = {isa = PBXFileReference; fileEncoding = 4; lastKnownFileType = text.xcconfig; path = Release.xcconfig; sourceTree = "<group>"; };
		4FEE5ED22C2D5A1A00383CC5 /* Info.plist */ = {isa = PBXFileReference; lastKnownFileType = text.plist; path = Info.plist; sourceTree = "<group>"; };
/* End PBXFileReference section */

/* Begin PBXFrameworksBuildPhase section */
		4F7A440C2C29645C00F294C2 /* Frameworks */ = {
			isa = PBXFrameworksBuildPhase;
			buildActionMask = 2147483647;
			files = (
				4FA0CC372C2C7EEA008B54A9 /* SDWebImageSwiftUI in Frameworks */,
				4FA718982C2C45F400266D61 /* ViewModel in Frameworks */,
				4FA718962C2C45F400266D61 /* UI in Frameworks */,
				4FA718942C2C45F400266D61 /* Preview in Frameworks */,
				4FA718922C2C45F400266D61 /* Implementation in Frameworks */,
				4FA718902C2C45F400266D61 /* API in Frameworks */,
			);
			runOnlyForDeploymentPostprocessing = 0;
		};
		4F7A441D2C29645E00F294C2 /* Frameworks */ = {
			isa = PBXFrameworksBuildPhase;
			buildActionMask = 2147483647;
			files = (
			);
			runOnlyForDeploymentPostprocessing = 0;
		};
		4F7A44272C29645E00F294C2 /* Frameworks */ = {
			isa = PBXFrameworksBuildPhase;
			buildActionMask = 2147483647;
			files = (
			);
			runOnlyForDeploymentPostprocessing = 0;
		};
/* End PBXFrameworksBuildPhase section */

/* Begin PBXGroup section */
		4F7A44062C29645C00F294C2 = {
			isa = PBXGroup;
			children = (
				4FD8B9582C2C344300E5A6D9 /* UI */,
				4F7A443E2C2B3CB400F294C2 /* ViewModel */,
				4F7A443D2C2964F200F294C2 /* API */,
				4F7A44112C29645C00F294C2 /* GitHubSample */,
				4F7A44232C29645E00F294C2 /* GitHubSampleTests */,
				4F7A442D2C29645E00F294C2 /* GitHubSampleUITests */,
				4F7A44102C29645C00F294C2 /* Products */,
				4FA7188E2C2C45F400266D61 /* Frameworks */,
			);
			sourceTree = "<group>";
		};
		4F7A44102C29645C00F294C2 /* Products */ = {
			isa = PBXGroup;
			children = (
				4F7A440F2C29645C00F294C2 /* GitHubSample.app */,
				4F7A44202C29645E00F294C2 /* GitHubSampleTests.xctest */,
				4F7A442A2C29645E00F294C2 /* GitHubSampleUITests.xctest */,
			);
			name = Products;
			sourceTree = "<group>";
		};
		4F7A44112C29645C00F294C2 /* GitHubSample */ = {
			isa = PBXGroup;
			children = (
				4FEE5ED22C2D5A1A00383CC5 /* Info.plist */,
				4F7A44122C29645C00F294C2 /* GitHubSampleApp.swift */,
				4FA0CC332C2C73C3008B54A9 /* DependencyContainer.swift */,
				4FEE5EC82C2D555E00383CC5 /* Env.swift */,
				4F7A44162C29645E00F294C2 /* Assets.xcassets */,
				4F7A44182C29645E00F294C2 /* GitHubSample.entitlements */,
				4FEE5ECC2C2D564600383CC5 /* Config */,
				4F7A44192C29645E00F294C2 /* Preview Content */,
			);
			path = GitHubSample;
			sourceTree = "<group>";
		};
		4F7A44192C29645E00F294C2 /* Preview Content */ = {
			isa = PBXGroup;
			children = (
				4F7A441A2C29645E00F294C2 /* Preview Assets.xcassets */,
			);
			path = "Preview Content";
			sourceTree = "<group>";
		};
		4F7A44232C29645E00F294C2 /* GitHubSampleTests */ = {
			isa = PBXGroup;
			children = (
				4F7A44242C29645E00F294C2 /* GitHubSampleTests.swift */,
			);
			path = GitHubSampleTests;
			sourceTree = "<group>";
		};
		4F7A442D2C29645E00F294C2 /* GitHubSampleUITests */ = {
			isa = PBXGroup;
			children = (
				4F7A442E2C29645E00F294C2 /* GitHubSampleUITests.swift */,
				4F7A44302C29645E00F294C2 /* GitHubSampleUITestsLaunchTests.swift */,
			);
			path = GitHubSampleUITests;
			sourceTree = "<group>";
		};
		4FA7188E2C2C45F400266D61 /* Frameworks */ = {
			isa = PBXGroup;
			children = (
			);
			name = Frameworks;
			sourceTree = "<group>";
		};
		4FEE5ECC2C2D564600383CC5 /* Config */ = {
			isa = PBXGroup;
			children = (
				4FEE5ECD2C2D578200383CC5 /* Debug.xcconfig */,
				4FEE5ECF2C2D579B00383CC5 /* Release.xcconfig */,
				4FEE5ECA2C2D55DE00383CC5 /* Secrets.xcconfig */,
			);
			path = Config;
			sourceTree = "<group>";
		};
/* End PBXGroup section */

/* Begin PBXNativeTarget section */
		4F7A440E2C29645C00F294C2 /* GitHubSample */ = {
			isa = PBXNativeTarget;
			buildConfigurationList = 4F7A44342C29645E00F294C2 /* Build configuration list for PBXNativeTarget "GitHubSample" */;
			buildPhases = (
				4F7A440B2C29645C00F294C2 /* Sources */,
				4F7A440C2C29645C00F294C2 /* Frameworks */,
				4F7A440D2C29645C00F294C2 /* Resources */,
			);
			buildRules = (
			);
			dependencies = (
			);
			name = GitHubSample;
			packageProductDependencies = (
				4FA7188F2C2C45F400266D61 /* API */,
				4FA718912C2C45F400266D61 /* Implementation */,
				4FA718932C2C45F400266D61 /* Preview */,
				4FA718952C2C45F400266D61 /* UI */,
				4FA718972C2C45F400266D61 /* ViewModel */,
				4FA0CC362C2C7EEA008B54A9 /* SDWebImageSwiftUI */,
			);
			productName = GitHubSample;
			productReference = 4F7A440F2C29645C00F294C2 /* GitHubSample.app */;
			productType = "com.apple.product-type.application";
		};
		4F7A441F2C29645E00F294C2 /* GitHubSampleTests */ = {
			isa = PBXNativeTarget;
			buildConfigurationList = 4F7A44372C29645E00F294C2 /* Build configuration list for PBXNativeTarget "GitHubSampleTests" */;
			buildPhases = (
				4F7A441C2C29645E00F294C2 /* Sources */,
				4F7A441D2C29645E00F294C2 /* Frameworks */,
				4F7A441E2C29645E00F294C2 /* Resources */,
			);
			buildRules = (
			);
			dependencies = (
				4F7A44222C29645E00F294C2 /* PBXTargetDependency */,
			);
			name = GitHubSampleTests;
			productName = GitHubSampleTests;
			productReference = 4F7A44202C29645E00F294C2 /* GitHubSampleTests.xctest */;
			productType = "com.apple.product-type.bundle.unit-test";
		};
		4F7A44292C29645E00F294C2 /* GitHubSampleUITests */ = {
			isa = PBXNativeTarget;
			buildConfigurationList = 4F7A443A2C29645E00F294C2 /* Build configuration list for PBXNativeTarget "GitHubSampleUITests" */;
			buildPhases = (
				4F7A44262C29645E00F294C2 /* Sources */,
				4F7A44272C29645E00F294C2 /* Frameworks */,
				4F7A44282C29645E00F294C2 /* Resources */,
			);
			buildRules = (
			);
			dependencies = (
				4F7A442C2C29645E00F294C2 /* PBXTargetDependency */,
			);
			name = GitHubSampleUITests;
			productName = GitHubSampleUITests;
			productReference = 4F7A442A2C29645E00F294C2 /* GitHubSampleUITests.xctest */;
			productType = "com.apple.product-type.bundle.ui-testing";
		};
/* End PBXNativeTarget section */

/* Begin PBXProject section */
		4F7A44072C29645C00F294C2 /* Project object */ = {
			isa = PBXProject;
			attributes = {
				BuildIndependentTargetsInParallel = 1;
				LastSwiftUpdateCheck = 1540;
				LastUpgradeCheck = 1540;
				TargetAttributes = {
					4F7A440E2C29645C00F294C2 = {
						CreatedOnToolsVersion = 15.4;
					};
					4F7A441F2C29645E00F294C2 = {
						CreatedOnToolsVersion = 15.4;
						TestTargetID = 4F7A440E2C29645C00F294C2;
					};
					4F7A44292C29645E00F294C2 = {
						CreatedOnToolsVersion = 15.4;
						TestTargetID = 4F7A440E2C29645C00F294C2;
					};
				};
			};
			buildConfigurationList = 4F7A440A2C29645C00F294C2 /* Build configuration list for PBXProject "GitHubSample" */;
			compatibilityVersion = "Xcode 14.0";
			developmentRegion = en;
			hasScannedForEncodings = 0;
			knownRegions = (
				en,
				Base,
			);
			mainGroup = 4F7A44062C29645C00F294C2;
			packageReferences = (
				4FA0CC352C2C7EEA008B54A9 /* XCRemoteSwiftPackageReference "SDWebImageSwiftUI" */,
			);
			productRefGroup = 4F7A44102C29645C00F294C2 /* Products */;
			projectDirPath = "";
			projectRoot = "";
			targets = (
				4F7A440E2C29645C00F294C2 /* GitHubSample */,
				4F7A441F2C29645E00F294C2 /* GitHubSampleTests */,
				4F7A44292C29645E00F294C2 /* GitHubSampleUITests */,
			);
		};
/* End PBXProject section */

/* Begin PBXResourcesBuildPhase section */
		4F7A440D2C29645C00F294C2 /* Resources */ = {
			isa = PBXResourcesBuildPhase;
			buildActionMask = 2147483647;
			files = (
				4FEE5ECE2C2D578200383CC5 /* Debug.xcconfig in Resources */,
				4FEE5ECB2C2D55DE00383CC5 /* Secrets.xcconfig in Resources */,
				4F7A441B2C29645E00F294C2 /* Preview Assets.xcassets in Resources */,
				4F7A44172C29645E00F294C2 /* Assets.xcassets in Resources */,
				4FEE5ED02C2D579B00383CC5 /* Release.xcconfig in Resources */,
			);
			runOnlyForDeploymentPostprocessing = 0;
		};
		4F7A441E2C29645E00F294C2 /* Resources */ = {
			isa = PBXResourcesBuildPhase;
			buildActionMask = 2147483647;
			files = (
			);
			runOnlyForDeploymentPostprocessing = 0;
		};
		4F7A44282C29645E00F294C2 /* Resources */ = {
			isa = PBXResourcesBuildPhase;
			buildActionMask = 2147483647;
			files = (
			);
			runOnlyForDeploymentPostprocessing = 0;
		};
/* End PBXResourcesBuildPhase section */

/* Begin PBXSourcesBuildPhase section */
		4F7A440B2C29645C00F294C2 /* Sources */ = {
			isa = PBXSourcesBuildPhase;
			buildActionMask = 2147483647;
			files = (
				4FEE5EC92C2D555E00383CC5 /* Env.swift in Sources */,
				4FA0CC342C2C73C3008B54A9 /* DependencyContainer.swift in Sources */,
				4F7A44132C29645C00F294C2 /* GitHubSampleApp.swift in Sources */,
			);
			runOnlyForDeploymentPostprocessing = 0;
		};
		4F7A441C2C29645E00F294C2 /* Sources */ = {
			isa = PBXSourcesBuildPhase;
			buildActionMask = 2147483647;
			files = (
				4F7A44252C29645E00F294C2 /* GitHubSampleTests.swift in Sources */,
			);
			runOnlyForDeploymentPostprocessing = 0;
		};
		4F7A44262C29645E00F294C2 /* Sources */ = {
			isa = PBXSourcesBuildPhase;
			buildActionMask = 2147483647;
			files = (
				4F7A442F2C29645E00F294C2 /* GitHubSampleUITests.swift in Sources */,
				4F7A44312C29645E00F294C2 /* GitHubSampleUITestsLaunchTests.swift in Sources */,
			);
			runOnlyForDeploymentPostprocessing = 0;
		};
/* End PBXSourcesBuildPhase section */

/* Begin PBXTargetDependency section */
		4F7A44222C29645E00F294C2 /* PBXTargetDependency */ = {
			isa = PBXTargetDependency;
			target = 4F7A440E2C29645C00F294C2 /* GitHubSample */;
			targetProxy = 4F7A44212C29645E00F294C2 /* PBXContainerItemProxy */;
		};
		4F7A442C2C29645E00F294C2 /* PBXTargetDependency */ = {
			isa = PBXTargetDependency;
			target = 4F7A440E2C29645C00F294C2 /* GitHubSample */;
			targetProxy = 4F7A442B2C29645E00F294C2 /* PBXContainerItemProxy */;
		};
/* End PBXTargetDependency section */

/* Begin XCBuildConfiguration section */
		4F7A44322C29645E00F294C2 /* Debug */ = {
			isa = XCBuildConfiguration;
			baseConfigurationReference = 4FEE5ECD2C2D578200383CC5 /* Debug.xcconfig */;
			buildSettings = {
				ALWAYS_SEARCH_USER_PATHS = NO;
				ASSETCATALOG_COMPILER_GENERATE_SWIFT_ASSET_SYMBOL_EXTENSIONS = YES;
				CLANG_ANALYZER_NONNULL = YES;
				CLANG_ANALYZER_NUMBER_OBJECT_CONVERSION = YES_AGGRESSIVE;
				CLANG_CXX_LANGUAGE_STANDARD = "gnu++20";
				CLANG_ENABLE_MODULES = YES;
				CLANG_ENABLE_OBJC_ARC = YES;
				CLANG_ENABLE_OBJC_WEAK = YES;
				CLANG_WARN_BLOCK_CAPTURE_AUTORELEASING = YES;
				CLANG_WARN_BOOL_CONVERSION = YES;
				CLANG_WARN_COMMA = YES;
				CLANG_WARN_CONSTANT_CONVERSION = YES;
				CLANG_WARN_DEPRECATED_OBJC_IMPLEMENTATIONS = YES;
				CLANG_WARN_DIRECT_OBJC_ISA_USAGE = YES_ERROR;
				CLANG_WARN_DOCUMENTATION_COMMENTS = YES;
				CLANG_WARN_EMPTY_BODY = YES;
				CLANG_WARN_ENUM_CONVERSION = YES;
				CLANG_WARN_INFINITE_RECURSION = YES;
				CLANG_WARN_INT_CONVERSION = YES;
				CLANG_WARN_NON_LITERAL_NULL_CONVERSION = YES;
				CLANG_WARN_OBJC_IMPLICIT_RETAIN_SELF = YES;
				CLANG_WARN_OBJC_LITERAL_CONVERSION = YES;
				CLANG_WARN_OBJC_ROOT_CLASS = YES_ERROR;
				CLANG_WARN_QUOTED_INCLUDE_IN_FRAMEWORK_HEADER = YES;
				CLANG_WARN_RANGE_LOOP_ANALYSIS = YES;
				CLANG_WARN_STRICT_PROTOTYPES = YES;
				CLANG_WARN_SUSPICIOUS_MOVE = YES;
				CLANG_WARN_UNGUARDED_AVAILABILITY = YES_AGGRESSIVE;
				CLANG_WARN_UNREACHABLE_CODE = YES;
				CLANG_WARN__DUPLICATE_METHOD_MATCH = YES;
				COPY_PHASE_STRIP = NO;
				DEBUG_INFORMATION_FORMAT = dwarf;
				ENABLE_STRICT_OBJC_MSGSEND = YES;
				ENABLE_TESTABILITY = YES;
				ENABLE_USER_SCRIPT_SANDBOXING = YES;
				GCC_C_LANGUAGE_STANDARD = gnu17;
				GCC_DYNAMIC_NO_PIC = NO;
				GCC_NO_COMMON_BLOCKS = YES;
				GCC_OPTIMIZATION_LEVEL = 0;
				GCC_PREPROCESSOR_DEFINITIONS = (
					"DEBUG=1",
					"$(inherited)",
				);
				GCC_WARN_64_TO_32_BIT_CONVERSION = YES;
				GCC_WARN_ABOUT_RETURN_TYPE = YES_ERROR;
				GCC_WARN_UNDECLARED_SELECTOR = YES;
				GCC_WARN_UNINITIALIZED_AUTOS = YES_AGGRESSIVE;
				GCC_WARN_UNUSED_FUNCTION = YES;
				GCC_WARN_UNUSED_VARIABLE = YES;
				LOCALIZATION_PREFERS_STRING_CATALOGS = YES;
				MTL_ENABLE_DEBUG_INFO = INCLUDE_SOURCE;
				MTL_FAST_MATH = YES;
				ONLY_ACTIVE_ARCH = YES;
				SWIFT_ACTIVE_COMPILATION_CONDITIONS = "DEBUG $(inherited)";
				SWIFT_OPTIMIZATION_LEVEL = "-Onone";
			};
			name = Debug;
		};
		4F7A44332C29645E00F294C2 /* Release */ = {
			isa = XCBuildConfiguration;
			baseConfigurationReference = 4FEE5ECF2C2D579B00383CC5 /* Release.xcconfig */;
			buildSettings = {
				ALWAYS_SEARCH_USER_PATHS = NO;
				ASSETCATALOG_COMPILER_GENERATE_SWIFT_ASSET_SYMBOL_EXTENSIONS = YES;
				CLANG_ANALYZER_NONNULL = YES;
				CLANG_ANALYZER_NUMBER_OBJECT_CONVERSION = YES_AGGRESSIVE;
				CLANG_CXX_LANGUAGE_STANDARD = "gnu++20";
				CLANG_ENABLE_MODULES = YES;
				CLANG_ENABLE_OBJC_ARC = YES;
				CLANG_ENABLE_OBJC_WEAK = YES;
				CLANG_WARN_BLOCK_CAPTURE_AUTORELEASING = YES;
				CLANG_WARN_BOOL_CONVERSION = YES;
				CLANG_WARN_COMMA = YES;
				CLANG_WARN_CONSTANT_CONVERSION = YES;
				CLANG_WARN_DEPRECATED_OBJC_IMPLEMENTATIONS = YES;
				CLANG_WARN_DIRECT_OBJC_ISA_USAGE = YES_ERROR;
				CLANG_WARN_DOCUMENTATION_COMMENTS = YES;
				CLANG_WARN_EMPTY_BODY = YES;
				CLANG_WARN_ENUM_CONVERSION = YES;
				CLANG_WARN_INFINITE_RECURSION = YES;
				CLANG_WARN_INT_CONVERSION = YES;
				CLANG_WARN_NON_LITERAL_NULL_CONVERSION = YES;
				CLANG_WARN_OBJC_IMPLICIT_RETAIN_SELF = YES;
				CLANG_WARN_OBJC_LITERAL_CONVERSION = YES;
				CLANG_WARN_OBJC_ROOT_CLASS = YES_ERROR;
				CLANG_WARN_QUOTED_INCLUDE_IN_FRAMEWORK_HEADER = YES;
				CLANG_WARN_RANGE_LOOP_ANALYSIS = YES;
				CLANG_WARN_STRICT_PROTOTYPES = YES;
				CLANG_WARN_SUSPICIOUS_MOVE = YES;
				CLANG_WARN_UNGUARDED_AVAILABILITY = YES_AGGRESSIVE;
				CLANG_WARN_UNREACHABLE_CODE = YES;
				CLANG_WARN__DUPLICATE_METHOD_MATCH = YES;
				COPY_PHASE_STRIP = NO;
				DEBUG_INFORMATION_FORMAT = "dwarf-with-dsym";
				ENABLE_NS_ASSERTIONS = NO;
				ENABLE_STRICT_OBJC_MSGSEND = YES;
				ENABLE_USER_SCRIPT_SANDBOXING = YES;
				GCC_C_LANGUAGE_STANDARD = gnu17;
				GCC_NO_COMMON_BLOCKS = YES;
				GCC_WARN_64_TO_32_BIT_CONVERSION = YES;
				GCC_WARN_ABOUT_RETURN_TYPE = YES_ERROR;
				GCC_WARN_UNDECLARED_SELECTOR = YES;
				GCC_WARN_UNINITIALIZED_AUTOS = YES_AGGRESSIVE;
				GCC_WARN_UNUSED_FUNCTION = YES;
				GCC_WARN_UNUSED_VARIABLE = YES;
				LOCALIZATION_PREFERS_STRING_CATALOGS = YES;
				MTL_ENABLE_DEBUG_INFO = NO;
				MTL_FAST_MATH = YES;
				SWIFT_COMPILATION_MODE = wholemodule;
			};
			name = Release;
		};
		4F7A44352C29645E00F294C2 /* Debug */ = {
			isa = XCBuildConfiguration;
			baseConfigurationReference = 4FEE5ECD2C2D578200383CC5 /* Debug.xcconfig */;
			buildSettings = {
				ASSETCATALOG_COMPILER_APPICON_NAME = AppIcon;
				ASSETCATALOG_COMPILER_GLOBAL_ACCENT_COLOR_NAME = AccentColor;
				CODE_SIGN_ENTITLEMENTS = GitHubSample/GitHubSample.entitlements;
				CODE_SIGN_STYLE = Automatic;
				CURRENT_PROJECT_VERSION = 1;
				DEVELOPMENT_ASSET_PATHS = "\"GitHubSample/Preview Content\"";
				DEVELOPMENT_TEAM = 3Y7Z957SH7;
				ENABLE_PREVIEWS = YES;
				GENERATE_INFOPLIST_FILE = YES;
				INFOPLIST_FILE = GitHubSample/Info.plist;
				"INFOPLIST_KEY_UIApplicationSceneManifest_Generation[sdk=iphoneos*]" = YES;
				"INFOPLIST_KEY_UIApplicationSceneManifest_Generation[sdk=iphonesimulator*]" = YES;
				"INFOPLIST_KEY_UIApplicationSupportsIndirectInputEvents[sdk=iphoneos*]" = YES;
				"INFOPLIST_KEY_UIApplicationSupportsIndirectInputEvents[sdk=iphonesimulator*]" = YES;
				"INFOPLIST_KEY_UILaunchScreen_Generation[sdk=iphoneos*]" = YES;
				"INFOPLIST_KEY_UILaunchScreen_Generation[sdk=iphonesimulator*]" = YES;
				"INFOPLIST_KEY_UIStatusBarStyle[sdk=iphoneos*]" = UIStatusBarStyleDefault;
				"INFOPLIST_KEY_UIStatusBarStyle[sdk=iphonesimulator*]" = UIStatusBarStyleDefault;
				INFOPLIST_KEY_UISupportedInterfaceOrientations_iPad = "UIInterfaceOrientationPortrait UIInterfaceOrientationPortraitUpsideDown UIInterfaceOrientationLandscapeLeft UIInterfaceOrientationLandscapeRight";
				INFOPLIST_KEY_UISupportedInterfaceOrientations_iPhone = "UIInterfaceOrientationPortrait UIInterfaceOrientationLandscapeLeft UIInterfaceOrientationLandscapeRight";
				IPHONEOS_DEPLOYMENT_TARGET = 17.0;
				LD_RUNPATH_SEARCH_PATHS = "@executable_path/Frameworks";
				"LD_RUNPATH_SEARCH_PATHS[sdk=macosx*]" = "@executable_path/../Frameworks";
				MACOSX_DEPLOYMENT_TARGET = 14.5;
				MARKETING_VERSION = 1.0;
				PRODUCT_BUNDLE_IDENTIFIER = dc.GitHubSample;
				PRODUCT_NAME = "$(TARGET_NAME)";
				SDKROOT = auto;
				SUPPORTED_PLATFORMS = "iphoneos iphonesimulator macosx";
				SWIFT_EMIT_LOC_STRINGS = YES;
				SWIFT_VERSION = 5.0;
				TARGETED_DEVICE_FAMILY = "1,2";
			};
			name = Debug;
		};
		4F7A44362C29645E00F294C2 /* Release */ = {
			isa = XCBuildConfiguration;
			baseConfigurationReference = 4FEE5ECF2C2D579B00383CC5 /* Release.xcconfig */;
			buildSettings = {
				ASSETCATALOG_COMPILER_APPICON_NAME = AppIcon;
				ASSETCATALOG_COMPILER_GLOBAL_ACCENT_COLOR_NAME = AccentColor;
				CODE_SIGN_ENTITLEMENTS = GitHubSample/GitHubSample.entitlements;
				CODE_SIGN_STYLE = Automatic;
				CURRENT_PROJECT_VERSION = 1;
				DEVELOPMENT_ASSET_PATHS = "\"GitHubSample/Preview Content\"";
				DEVELOPMENT_TEAM = 3Y7Z957SH7;
				ENABLE_PREVIEWS = YES;
				ENABLE_TESTABILITY = YES;
				GENERATE_INFOPLIST_FILE = YES;
				INFOPLIST_FILE = GitHubSample/Info.plist;
				"INFOPLIST_KEY_UIApplicationSceneManifest_Generation[sdk=iphoneos*]" = YES;
				"INFOPLIST_KEY_UIApplicationSceneManifest_Generation[sdk=iphonesimulator*]" = YES;
				"INFOPLIST_KEY_UIApplicationSupportsIndirectInputEvents[sdk=iphoneos*]" = YES;
				"INFOPLIST_KEY_UIApplicationSupportsIndirectInputEvents[sdk=iphonesimulator*]" = YES;
				"INFOPLIST_KEY_UILaunchScreen_Generation[sdk=iphoneos*]" = YES;
				"INFOPLIST_KEY_UILaunchScreen_Generation[sdk=iphonesimulator*]" = YES;
				"INFOPLIST_KEY_UIStatusBarStyle[sdk=iphoneos*]" = UIStatusBarStyleDefault;
				"INFOPLIST_KEY_UIStatusBarStyle[sdk=iphonesimulator*]" = UIStatusBarStyleDefault;
				INFOPLIST_KEY_UISupportedInterfaceOrientations_iPad = "UIInterfaceOrientationPortrait UIInterfaceOrientationPortraitUpsideDown UIInterfaceOrientationLandscapeLeft UIInterfaceOrientationLandscapeRight";
				INFOPLIST_KEY_UISupportedInterfaceOrientations_iPhone = "UIInterfaceOrientationPortrait UIInterfaceOrientationLandscapeLeft UIInterfaceOrientationLandscapeRight";
				IPHONEOS_DEPLOYMENT_TARGET = 17.0;
				LD_RUNPATH_SEARCH_PATHS = "@executable_path/Frameworks";
				"LD_RUNPATH_SEARCH_PATHS[sdk=macosx*]" = "@executable_path/../Frameworks";
				MACOSX_DEPLOYMENT_TARGET = 14.5;
				MARKETING_VERSION = 1.0;
				PRODUCT_BUNDLE_IDENTIFIER = dc.GitHubSample;
				PRODUCT_NAME = "$(TARGET_NAME)";
				SDKROOT = auto;
				SUPPORTED_PLATFORMS = "iphoneos iphonesimulator macosx";
				SWIFT_EMIT_LOC_STRINGS = YES;
				SWIFT_VERSION = 5.0;
				TARGETED_DEVICE_FAMILY = "1,2";
			};
			name = Release;
		};
		4F7A44382C29645E00F294C2 /* Debug */ = {
			isa = XCBuildConfiguration;
			baseConfigurationReference = 4FEE5ECD2C2D578200383CC5 /* Debug.xcconfig */;
			buildSettings = {
				ALWAYS_EMBED_SWIFT_STANDARD_LIBRARIES = YES;
				BUNDLE_LOADER = "$(TEST_HOST)";
				CODE_SIGN_STYLE = Automatic;
				CURRENT_PROJECT_VERSION = 1;
				DEVELOPMENT_TEAM = 3Y7Z957SH7;
				GENERATE_INFOPLIST_FILE = YES;
				IPHONEOS_DEPLOYMENT_TARGET = 17.5;
				MACOSX_DEPLOYMENT_TARGET = 14.5;
				MARKETING_VERSION = 1.0;
				PRODUCT_BUNDLE_IDENTIFIER = dc.GitHubSampleTests;
				PRODUCT_NAME = "$(TARGET_NAME)";
				SDKROOT = auto;
				SUPPORTED_PLATFORMS = "iphoneos iphonesimulator macosx";
				SWIFT_EMIT_LOC_STRINGS = NO;
				SWIFT_VERSION = 5.0;
				TARGETED_DEVICE_FAMILY = "1,2";
				TEST_HOST = "$(BUILT_PRODUCTS_DIR)/GitHubSample.app/$(BUNDLE_EXECUTABLE_FOLDER_PATH)/GitHubSample";
			};
			name = Debug;
		};
		4F7A44392C29645E00F294C2 /* Release */ = {
			isa = XCBuildConfiguration;
			baseConfigurationReference = 4FEE5ECF2C2D579B00383CC5 /* Release.xcconfig */;
			buildSettings = {
				ALWAYS_EMBED_SWIFT_STANDARD_LIBRARIES = YES;
				BUNDLE_LOADER = "$(TEST_HOST)";
				CODE_SIGN_STYLE = Automatic;
				CURRENT_PROJECT_VERSION = 1;
				DEVELOPMENT_TEAM = 3Y7Z957SH7;
				GENERATE_INFOPLIST_FILE = YES;
				IPHONEOS_DEPLOYMENT_TARGET = 17.5;
				MACOSX_DEPLOYMENT_TARGET = 14.5;
				MARKETING_VERSION = 1.0;
				PRODUCT_BUNDLE_IDENTIFIER = dc.GitHubSampleTests;
				PRODUCT_NAME = "$(TARGET_NAME)";
				SDKROOT = auto;
				SUPPORTED_PLATFORMS = "iphoneos iphonesimulator macosx";
				SWIFT_EMIT_LOC_STRINGS = NO;
				SWIFT_VERSION = 5.0;
				TARGETED_DEVICE_FAMILY = "1,2";
				TEST_HOST = "$(BUILT_PRODUCTS_DIR)/GitHubSample.app/$(BUNDLE_EXECUTABLE_FOLDER_PATH)/GitHubSample";
			};
			name = Release;
		};
		4F7A443B2C29645E00F294C2 /* Debug */ = {
			isa = XCBuildConfiguration;
			baseConfigurationReference = 4FEE5ECD2C2D578200383CC5 /* Debug.xcconfig */;
			buildSettings = {
				ALWAYS_EMBED_SWIFT_STANDARD_LIBRARIES = YES;
				CODE_SIGN_STYLE = Automatic;
				CURRENT_PROJECT_VERSION = 1;
				DEVELOPMENT_TEAM = 3Y7Z957SH7;
				GENERATE_INFOPLIST_FILE = YES;
				IPHONEOS_DEPLOYMENT_TARGET = 17.5;
				MACOSX_DEPLOYMENT_TARGET = 14.5;
				MARKETING_VERSION = 1.0;
				PRODUCT_BUNDLE_IDENTIFIER = dc.GitHubSampleUITests;
				PRODUCT_NAME = "$(TARGET_NAME)";
				SDKROOT = auto;
				SUPPORTED_PLATFORMS = "iphoneos iphonesimulator macosx";
				SWIFT_EMIT_LOC_STRINGS = NO;
				SWIFT_VERSION = 5.0;
				TARGETED_DEVICE_FAMILY = "1,2";
				TEST_TARGET_NAME = GitHubSample;
			};
			name = Debug;
		};
		4F7A443C2C29645E00F294C2 /* Release */ = {
			isa = XCBuildConfiguration;
			baseConfigurationReference = 4FEE5ECF2C2D579B00383CC5 /* Release.xcconfig */;
			buildSettings = {
				ALWAYS_EMBED_SWIFT_STANDARD_LIBRARIES = YES;
				CODE_SIGN_STYLE = Automatic;
				CURRENT_PROJECT_VERSION = 1;
				DEVELOPMENT_TEAM = 3Y7Z957SH7;
				GENERATE_INFOPLIST_FILE = YES;
				IPHONEOS_DEPLOYMENT_TARGET = 17.5;
				MACOSX_DEPLOYMENT_TARGET = 14.5;
				MARKETING_VERSION = 1.0;
				PRODUCT_BUNDLE_IDENTIFIER = dc.GitHubSampleUITests;
				PRODUCT_NAME = "$(TARGET_NAME)";
				SDKROOT = auto;
				SUPPORTED_PLATFORMS = "iphoneos iphonesimulator macosx";
				SWIFT_EMIT_LOC_STRINGS = NO;
				SWIFT_VERSION = 5.0;
				TARGETED_DEVICE_FAMILY = "1,2";
				TEST_TARGET_NAME = GitHubSample;
			};
			name = Release;
		};
/* End XCBuildConfiguration section */

/* Begin XCConfigurationList section */
		4F7A440A2C29645C00F294C2 /* Build configuration list for PBXProject "GitHubSample" */ = {
			isa = XCConfigurationList;
			buildConfigurations = (
				4F7A44322C29645E00F294C2 /* Debug */,
				4F7A44332C29645E00F294C2 /* Release */,
			);
			defaultConfigurationIsVisible = 0;
			defaultConfigurationName = Release;
		};
		4F7A44342C29645E00F294C2 /* Build configuration list for PBXNativeTarget "GitHubSample" */ = {
			isa = XCConfigurationList;
			buildConfigurations = (
				4F7A44352C29645E00F294C2 /* Debug */,
				4F7A44362C29645E00F294C2 /* Release */,
			);
			defaultConfigurationIsVisible = 0;
			defaultConfigurationName = Release;
		};
		4F7A44372C29645E00F294C2 /* Build configuration list for PBXNativeTarget "GitHubSampleTests" */ = {
			isa = XCConfigurationList;
			buildConfigurations = (
				4F7A44382C29645E00F294C2 /* Debug */,
				4F7A44392C29645E00F294C2 /* Release */,
			);
			defaultConfigurationIsVisible = 0;
			defaultConfigurationName = Release;
		};
		4F7A443A2C29645E00F294C2 /* Build configuration list for PBXNativeTarget "GitHubSampleUITests" */ = {
			isa = XCConfigurationList;
			buildConfigurations = (
				4F7A443B2C29645E00F294C2 /* Debug */,
				4F7A443C2C29645E00F294C2 /* Release */,
			);
			defaultConfigurationIsVisible = 0;
			defaultConfigurationName = Release;
		};
/* End XCConfigurationList section */

/* Begin XCRemoteSwiftPackageReference section */
		4FA0CC352C2C7EEA008B54A9 /* XCRemoteSwiftPackageReference "SDWebImageSwiftUI" */ = {
			isa = XCRemoteSwiftPackageReference;
			repositoryURL = "https://github.com/SDWebImage/SDWebImageSwiftUI.git";
			requirement = {
				kind = upToNextMajorVersion;
				minimumVersion = 3.0.4;
			};
		};
/* End XCRemoteSwiftPackageReference section */

/* Begin XCSwiftPackageProductDependency section */
		4FA0CC362C2C7EEA008B54A9 /* SDWebImageSwiftUI */ = {
			isa = XCSwiftPackageProductDependency;
			package = 4FA0CC352C2C7EEA008B54A9 /* XCRemoteSwiftPackageReference "SDWebImageSwiftUI" */;
			productName = SDWebImageSwiftUI;
		};
		4FA7188F2C2C45F400266D61 /* API */ = {
			isa = XCSwiftPackageProductDependency;
			productName = API;
		};
		4FA718912C2C45F400266D61 /* Implementation */ = {
			isa = XCSwiftPackageProductDependency;
			productName = Implementation;
		};
		4FA718932C2C45F400266D61 /* Preview */ = {
			isa = XCSwiftPackageProductDependency;
			productName = Preview;
		};
		4FA718952C2C45F400266D61 /* UI */ = {
			isa = XCSwiftPackageProductDependency;
			productName = UI;
		};
		4FA718972C2C45F400266D61 /* ViewModel */ = {
			isa = XCSwiftPackageProductDependency;
			productName = ViewModel;
		};
/* End XCSwiftPackageProductDependency section */
	};
	rootObject = 4F7A44072C29645C00F294C2 /* Project object */;
}
